// !$*UTF8*$!
{
	archiveVersion = 1;
	classes = {
	};
	objectVersion = 50;
	objects = {

/* Begin PBXBuildFile section */
		999ED1592512920D0048F10F /* AppDelegate.swift in Sources */ = {isa = PBXBuildFile; fileRef = 999ED1582512920D0048F10F /* AppDelegate.swift */; };
		999ED15B2512920D0048F10F /* SceneDelegate.swift in Sources */ = {isa = PBXBuildFile; fileRef = 999ED15A2512920D0048F10F /* SceneDelegate.swift */; };
		999ED15D2512920D0048F10F /* ContentView.swift in Sources */ = {isa = PBXBuildFile; fileRef = 999ED15C2512920D0048F10F /* ContentView.swift */; };
		999ED15F251292130048F10F /* Assets.xcassets in Resources */ = {isa = PBXBuildFile; fileRef = 999ED15E251292130048F10F /* Assets.xcassets */; };
		999ED162251292130048F10F /* Preview Assets.xcassets in Resources */ = {isa = PBXBuildFile; fileRef = 999ED161251292130048F10F /* Preview Assets.xcassets */; };
		999ED165251292130048F10F /* LaunchScreen.storyboard in Resources */ = {isa = PBXBuildFile; fileRef = 999ED163251292130048F10F /* LaunchScreen.storyboard */; };
		999ED16F2513A00B0048F10F /* Passionate.swift in Sources */ = {isa = PBXBuildFile; fileRef = 999ED16E2513A00B0048F10F /* Passionate.swift */; };
/* End PBXBuildFile section */

/* Begin PBXFileReference section */
		999ED1552512920D0048F10F /* FavoriteThings.app */ = {isa = PBXFileReference; explicitFileType = wrapper.application; includeInIndex = 0; path = FavoriteThings.app; sourceTree = BUILT_PRODUCTS_DIR; };
		999ED1582512920D0048F10F /* AppDelegate.swift */ = {isa = PBXFileReference; lastKnownFileType = sourcecode.swift; path = AppDelegate.swift; sourceTree = "<group>"; };
		999ED15A2512920D0048F10F /* SceneDelegate.swift */ = {isa = PBXFileReference; lastKnownFileType = sourcecode.swift; path = SceneDelegate.swift; sourceTree = "<group>"; };
		999ED15C2512920D0048F10F /* ContentView.swift */ = {isa = PBXFileReference; lastKnownFileType = sourcecode.swift; path = ContentView.swift; sourceTree = "<group>"; };
		999ED15E251292130048F10F /* Assets.xcassets */ = {isa = PBXFileReference; lastKnownFileType = folder.assetcatalog; path = Assets.xcassets; sourceTree = "<group>"; };
		999ED161251292130048F10F /* Preview Assets.xcassets */ = {isa = PBXFileReference; lastKnownFileType = folder.assetcatalog; path = "Preview Assets.xcassets"; sourceTree = "<group>"; };
		999ED164251292130048F10F /* Base */ = {isa = PBXFileReference; lastKnownFileType = file.storyboard; name = Base; path = Base.lproj/LaunchScreen.storyboard; sourceTree = "<group>"; };
		999ED166251292130048F10F /* Info.plist */ = {isa = PBXFileReference; lastKnownFileType = text.plist.xml; path = Info.plist; sourceTree = "<group>"; };
		999ED16E2513A00B0048F10F /* Passionate.swift */ = {isa = PBXFileReference; lastKnownFileType = sourcecode.swift; path = Passionate.swift; sourceTree = "<group>"; };
/* End PBXFileReference section */

/* Begin PBXFrameworksBuildPhase section */
		999ED1522512920D0048F10F /* Frameworks */ = {
			isa = PBXFrameworksBuildPhase;
			buildActionMask = 2147483647;
			files = (
			);
			runOnlyForDeploymentPostprocessing = 0;
		};
/* End PBXFrameworksBuildPhase section */

/* Begin PBXGroup section */
		999ED14C2512920D0048F10F = {
			isa = PBXGroup;
			children = (
				999ED1572512920D0048F10F /* FavoriteThings */,
				999ED1562512920D0048F10F /* Products */,
			);
			sourceTree = "<group>";
		};
		999ED1562512920D0048F10F /* Products */ = {
			isa = PBXGroup;
			children = (
				999ED1552512920D0048F10F /* FavoriteThings.app */,
			);
			name = Products;
			sourceTree = "<group>";
		};
		999ED1572512920D0048F10F /* FavoriteThings */ = {
			isa = PBXGroup;
			children = (
				999ED1582512920D0048F10F /* AppDelegate.swift */,
				999ED15A2512920D0048F10F /* SceneDelegate.swift */,
				999ED15E251292130048F10F /* Assets.xcassets */,
				999ED15C2512920D0048F10F /* ContentView.swift */,
				999ED16E2513A00B0048F10F /* Passionate.swift */,
				999ED163251292130048F10F /* LaunchScreen.storyboard */,
				999ED166251292130048F10F /* Info.plist */,
				999ED160251292130048F10F /* Preview Content */,
			);
			path = FavoriteThings;
			sourceTree = "<group>";
		};
		999ED160251292130048F10F /* Preview Content */ = {
			isa = PBXGroup;
			children = (
				999ED161251292130048F10F /* Preview Assets.xcassets */,
			);
			path = "Preview Content";
			sourceTree = "<group>";
		};
/* End PBXGroup section */

/* Begin PBXNativeTarget section */
		999ED1542512920D0048F10F /* FavoriteThings */ = {
			isa = PBXNativeTarget;
			buildConfigurationList = 999ED169251292130048F10F /* Build configuration list for PBXNativeTarget "FavoriteThings" */;
			buildPhases = (
				999ED1512512920D0048F10F /* Sources */,
				999ED1522512920D0048F10F /* Frameworks */,
				999ED1532512920D0048F10F /* Resources */,
			);
			buildRules = (
			);
			dependencies = (
			);
			name = FavoriteThings;
			productName = FavoriteThings;
			productReference = 999ED1552512920D0048F10F /* FavoriteThings.app */;
			productType = "com.apple.product-type.application";
		};
/* End PBXNativeTarget section */

/* Begin PBXProject section */
		999ED14D2512920D0048F10F /* Project object */ = {
			isa = PBXProject;
			attributes = {
				LastSwiftUpdateCheck = 1170;
				LastUpgradeCheck = 1170;
				ORGANIZATIONNAME = "Emily Liang";
				TargetAttributes = {
					999ED1542512920D0048F10F = {
						CreatedOnToolsVersion = 11.7;
					};
				};
			};
			buildConfigurationList = 999ED1502512920D0048F10F /* Build configuration list for PBXProject "FavoriteThings" */;
			compatibilityVersion = "Xcode 9.3";
			developmentRegion = en;
			hasScannedForEncodings = 0;
			knownRegions = (
				en,
				Base,
			);
			mainGroup = 999ED14C2512920D0048F10F;
			productRefGroup = 999ED1562512920D0048F10F /* Products */;
			projectDirPath = "";
			projectRoot = "";
			targets = (
				999ED1542512920D0048F10F /* FavoriteThings */,
			);
		};
/* End PBXProject section */

/* Begin PBXResourcesBuildPhase section */
		999ED1532512920D0048F10F /* Resources */ = {
			isa = PBXResourcesBuildPhase;
			buildActionMask = 2147483647;
			files = (
				999ED165251292130048F10F /* LaunchScreen.storyboard in Resources */,
				999ED162251292130048F10F /* Preview Assets.xcassets in Resources */,
				999ED15F251292130048F10F /* Assets.xcassets in Resources */,
			);
			runOnlyForDeploymentPostprocessing = 0;
		};
/* End PBXResourcesBuildPhase section */

/* Begin PBXSourcesBuildPhase section */
		999ED1512512920D0048F10F /* Sources */ = {
			isa = PBXSourcesBuildPhase;
			buildActionMask = 2147483647;
			files = (
				999ED1592512920D0048F10F /* AppDelegate.swift in Sources */,
				999ED15B2512920D0048F10F /* SceneDelegate.swift in Sources */,
				999ED16F2513A00B0048F10F /* Passionate.swift in Sources */,
				999ED15D2512920D0048F10F /* ContentView.swift in Sources */,
			);
			runOnlyForDeploymentPostprocessing = 0;
		};
/* End PBXSourcesBuildPhase section */

/* Begin PBXVariantGroup section */
		999ED163251292130048F10F /* LaunchScreen.storyboard */ = {
			isa = PBXVariantGroup;
			children = (
				999ED164251292130048F10F /* Base */,
			);
			name = LaunchScreen.storyboard;
			sourceTree = "<group>";
		};
/* End PBXVariantGroup section */

/* Begin XCBuildConfiguration section */
		999ED167251292130048F10F /* Debug */ = {
			isa = XCBuildConfiguration;
			buildSettings = {
				ALWAYS_SEARCH_USER_PATHS = NO;
				CLANG_ANALYZER_NONNULL = YES;
				CLANG_ANALYZER_NUMBER_OBJECT_CONVERSION = YES_AGGRESSIVE;
				CLANG_CXX_LANGUAGE_STANDARD = "gnu++14";
				CLANG_CXX_LIBRARY = "libc++";
				CLANG_ENABLE_MODULES = YES;
				CLANG_ENABLE_OBJC_ARC = YES;
				CLANG_ENABLE_OBJC_WEAK = YES;
				CLANG_WARN_BLOCK_CAPTURE_AUTORELEASING = YES;
				CLANG_WARN_BOOL_CONVERSION = YES;
				CLANG_WARN_COMMA = YES;
				CLANG_WARN_CONSTANT_CONVERSION = YES;
				CLANG_WARN_DEPRECATED_OBJC_IMPLEMENTATIONS = YES;
				CLANG_WARN_DIRECT_OBJC_ISA_USAGE = YES_ERROR;
				CLANG_WARN_DOCUMENTATION_COMMENTS = YES;
				CLANG_WARN_EMPTY_BODY = YES;
				CLANG_WARN_ENUM_CONVERSION = YES;
				CLANG_WARN_INFINITE_RECURSION = YES;
				CLANG_WARN_INT_CONVERSION = YES;
				CLANG_WARN_NON_LITERAL_NULL_CONVERSION = YES;
				CLANG_WARN_OBJC_IMPLICIT_RETAIN_SELF = YES;
				CLANG_WARN_OBJC_LITERAL_CONVERSION = YES;
				CLANG_WARN_OBJC_ROOT_CLASS = YES_ERROR;
				CLANG_WARN_RANGE_LOOP_ANALYSIS = YES;
				CLANG_WARN_STRICT_PROTOTYPES = YES;
				CLANG_WARN_SUSPICIOUS_MOVE = YES;
				CLANG_WARN_UNGUARDED_AVAILABILITY = YES_AGGRESSIVE;
				CLANG_WARN_UNREACHABLE_CODE = YES;
				CLANG_WARN__DUPLICATE_METHOD_MATCH = YES;
				COPY_PHASE_STRIP = NO;
				DEBUG_INFORMATION_FORMAT = dwarf;
				ENABLE_STRICT_OBJC_MSGSEND = YES;
				ENABLE_TESTABILITY = YES;
				GCC_C_LANGUAGE_STANDARD = gnu11;
				GCC_DYNAMIC_NO_PIC = NO;
				GCC_NO_COMMON_BLOCKS = YES;
				GCC_OPTIMIZATION_LEVEL = 0;
				GCC_PREPROCESSOR_DEFINITIONS = (
					"DEBUG=1",
					"$(inherited)",
				);
				GCC_WARN_64_TO_32_BIT_CONVERSION = YES;
				GCC_WARN_ABOUT_RETURN_TYPE = YES_ERROR;
				GCC_WARN_UNDECLARED_SELECTOR = YES;
				GCC_WARN_UNINITIALIZED_AUTOS = YES_AGGRESSIVE;
				GCC_WARN_UNUSED_FUNCTION = YES;
				GCC_WARN_UNUSED_VARIABLE = YES;
				IPHONEOS_DEPLOYMENT_TARGET = 13.7;
				MTL_ENABLE_DEBUG_INFO = INCLUDE_SOURCE;
				MTL_FAST_MATH = YES;
				ONLY_ACTIVE_ARCH = YES;
				SDKROOT = iphoneos;
				SWIFT_ACTIVE_COMPILATION_CONDITIONS = DEBUG;
				SWIFT_OPTIMIZATION_LEVEL = "-Onone";
			};
			name = Debug;
		};
		999ED168251292130048F10F /* Release */ = {
			isa = XCBuildConfiguration;
			buildSettings = {
				ALWAYS_SEARCH_USER_PATHS = NO;
				CLANG_ANALYZER_NONNULL = YES;
				CLANG_ANALYZER_NUMBER_OBJECT_CONVERSION = YES_AGGRESSIVE;
				CLANG_CXX_LANGUAGE_STANDARD = "gnu++14";
				CLANG_CXX_LIBRARY = "libc++";
				CLANG_ENABLE_MODULES = YES;
				CLANG_ENABLE_OBJC_ARC = YES;
				CLANG_ENABLE_OBJC_WEAK = YES;
				CLANG_WARN_BLOCK_CAPTURE_AUTORELEASING = YES;
				CLANG_WARN_BOOL_CONVERSION = YES;
				CLANG_WARN_COMMA = YES;
				CLANG_WARN_CONSTANT_CONVERSION = YES;
				CLANG_WARN_DEPRECATED_OBJC_IMPLEMENTATIONS = YES;
				CLANG_WARN_DIRECT_OBJC_ISA_USAGE = YES_ERROR;
				CLANG_WARN_DOCUMENTATION_COMMENTS = YES;
				CLANG_WARN_EMPTY_BODY = YES;
				CLANG_WARN_ENUM_CONVERSION = YES;
				CLANG_WARN_INFINITE_RECURSION = YES;
				CLANG_WARN_INT_CONVERSION = YES;
				CLANG_WARN_NON_LITERAL_NULL_CONVERSION = YES;
				CLANG_WARN_OBJC_IMPLICIT_RETAIN_SELF = YES;
				CLANG_WARN_OBJC_LITERAL_CONVERSION = YES;
				CLANG_WARN_OBJC_ROOT_CLASS = YES_ERROR;
				CLANG_WARN_RANGE_LOOP_ANALYSIS = YES;
				CLANG_WARN_STRICT_PROTOTYPES = YES;
				CLANG_WARN_SUSPICIOUS_MOVE = YES;
				CLANG_WARN_UNGUARDED_AVAILABILITY = YES_AGGRESSIVE;
				CLANG_WARN_UNREACHABLE_CODE = YES;
				CLANG_WARN__DUPLICATE_METHOD_MATCH = YES;
				COPY_PHASE_STRIP = NO;
				DEBUG_INFORMATION_FORMAT = "dwarf-with-dsym";
				ENABLE_NS_ASSERTIONS = NO;
				ENABLE_STRICT_OBJC_MSGSEND = YES;
				GCC_C_LANGUAGE_STANDARD = gnu11;
				GCC_NO_COMMON_BLOCKS = YES;
				GCC_WARN_64_TO_32_BIT_CONVERSION = YES;
				GCC_WARN_ABOUT_RETURN_TYPE = YES_ERROR;
				GCC_WARN_UNDECLARED_SELECTOR = YES;
				GCC_WARN_UNINITIALIZED_AUTOS = YES_AGGRESSIVE;
				GCC_WARN_UNUSED_FUNCTION = YES;
				GCC_WARN_UNUSED_VARIABLE = YES;
				IPHONEOS_DEPLOYMENT_TARGET = 13.7;
				MTL_ENABLE_DEBUG_INFO = NO;
				MTL_FAST_MATH = YES;
				SDKROOT = iphoneos;
				SWIFT_COMPILATION_MODE = wholemodule;
				SWIFT_OPTIMIZATION_LEVEL = "-O";
				VALIDATE_PRODUCT = YES;
			};
			name = Release;
		};
		999ED16A251292130048F10F /* Debug */ = {
			isa = XCBuildConfiguration;
			buildSettings = {
				ASSETCATALOG_COMPILER_APPICON_NAME = AppIcon;
				CODE_SIGN_STYLE = Automatic;
				DEVELOPMENT_ASSET_PATHS = "\"FavoriteThings/Preview Content\"";
				DEVELOPMENT_TEAM = 9AR5WFV9N9;
				ENABLE_PREVIEWS = YES;
				INFOPLIST_FILE = FavoriteThings/Info.plist;
				LD_RUNPATH_SEARCH_PATHS = (
					"$(inherited)",
					"@executable_path/Frameworks",
				);
				PRODUCT_BUNDLE_IDENTIFIER = ca.emilyliang.FavoriteThings;
				PRODUCT_NAME = "$(TARGET_NAME)";
				SWIFT_VERSION = 5.0;
				TARGETED_DEVICE_FAMILY = "1,2";
			};
			name = Debug;
		};
		999ED16B251292130048F10F /* Release */ = {
			isa = XCBuildConfiguration;
			buildSettings = {
				ASSETCATALOG_COMPILER_APPICON_NAME = AppIcon;
				CODE_SIGN_STYLE = Automatic;
				DEVELOPMENT_ASSET_PATHS = "\"FavoriteThings/Preview Content\"";
				DEVELOPMENT_TEAM = 9AR5WFV9N9;
				ENABLE_PREVIEWS = YES;
				INFOPLIST_FILE = FavoriteThings/Info.plist;
				LD_RUNPATH_SEARCH_PATHS = (
					"$(inherited)",
					"@executable_path/Frameworks",
				);
				PRODUCT_BUNDLE_IDENTIFIER = ca.emilyliang.FavoriteThings;
				PRODUCT_NAME = "$(TARGET_NAME)";
				SWIFT_VERSION = 5.0;
				TARGETED_DEVICE_FAMILY = "1,2";
			};
			name = Release;
		};
/* End XCBuildConfiguration section */

/* Begin XCConfigurationList section */
		999ED1502512920D0048F10F /* Build configuration list for PBXProject "FavoriteThings" */ = {
			isa = XCConfigurationList;
			buildConfigurations = (
				999ED167251292130048F10F /* Debug */,
				999ED168251292130048F10F /* Release */,
			);
			defaultConfigurationIsVisible = 0;
			defaultConfigurationName = Release;
		};
		999ED169251292130048F10F /* Build configuration list for PBXNativeTarget "FavoriteThings" */ = {
			isa = XCConfigurationList;
			buildConfigurations = (
				999ED16A251292130048F10F /* Debug */,
				999ED16B251292130048F10F /* Release */,
			);
			defaultConfigurationIsVisible = 0;
			defaultConfigurationName = Release;
		};
/* End XCConfigurationList section */
	};
	rootObject = 999ED14D2512920D0048F10F /* Project object */;
}
